// !$*UTF8*$!
{
	archiveVersion = 1;
	classes = {
	};
	objectVersion = 46;
	objects = {

/* Begin PBXBuildFile section */
		03A5CF1A1D9D9A2200C0D98B /* AppDelegate.swift in Sources */ = {isa = PBXBuildFile; fileRef = 03A5CF191D9D9A2200C0D98B /* AppDelegate.swift */; };
		03A5CF1C1D9D9A2200C0D98B /* ViewController.swift in Sources */ = {isa = PBXBuildFile; fileRef = 03A5CF1B1D9D9A2200C0D98B /* ViewController.swift */; };
		03A5CF1F1D9D9A2200C0D98B /* Main.storyboard in Resources */ = {isa = PBXBuildFile; fileRef = 03A5CF1D1D9D9A2200C0D98B /* Main.storyboard */; };
		03A5CF211D9D9A2200C0D98B /* Assets.xcassets in Resources */ = {isa = PBXBuildFile; fileRef = 03A5CF201D9D9A2200C0D98B /* Assets.xcassets */; };
		03A5CF241D9D9A2200C0D98B /* LaunchScreen.storyboard in Resources */ = {isa = PBXBuildFile; fileRef = 03A5CF221D9D9A2200C0D98B /* LaunchScreen.storyboard */; };
		03A5CF2F1D9D9A2200C0D98B /* tipCalTests.swift in Sources */ = {isa = PBXBuildFile; fileRef = 03A5CF2E1D9D9A2200C0D98B /* tipCalTests.swift */; };
		03A5CF3A1D9D9A2200C0D98B /* tipCalUITests.swift in Sources */ = {isa = PBXBuildFile; fileRef = 03A5CF391D9D9A2200C0D98B /* tipCalUITests.swift */; };
/* End PBXBuildFile section */

/* Begin PBXContainerItemProxy section */
		03A5CF2B1D9D9A2200C0D98B /* PBXContainerItemProxy */ = {
			isa = PBXContainerItemProxy;
			containerPortal = 03A5CF0E1D9D9A2200C0D98B /* Project object */;
			proxyType = 1;
			remoteGlobalIDString = 03A5CF151D9D9A2200C0D98B;
			remoteInfo = tipCal;
		};
		03A5CF361D9D9A2200C0D98B /* PBXContainerItemProxy */ = {
			isa = PBXContainerItemProxy;
			containerPortal = 03A5CF0E1D9D9A2200C0D98B /* Project object */;
			proxyType = 1;
			remoteGlobalIDString = 03A5CF151D9D9A2200C0D98B;
			remoteInfo = tipCal;
		};
/* End PBXContainerItemProxy section */

/* Begin PBXFileReference section */
		03A5CF161D9D9A2200C0D98B /* tipCal.app */ = {isa = PBXFileReference; explicitFileType = wrapper.application; includeInIndex = 0; path = tipCal.app; sourceTree = BUILT_PRODUCTS_DIR; };
		03A5CF191D9D9A2200C0D98B /* AppDelegate.swift */ = {isa = PBXFileReference; lastKnownFileType = sourcecode.swift; path = AppDelegate.swift; sourceTree = "<group>"; };
		03A5CF1B1D9D9A2200C0D98B /* ViewController.swift */ = {isa = PBXFileReference; lastKnownFileType = sourcecode.swift; path = ViewController.swift; sourceTree = "<group>"; };
		03A5CF1E1D9D9A2200C0D98B /* Base */ = {isa = PBXFileReference; lastKnownFileType = file.storyboard; name = Base; path = Base.lproj/Main.storyboard; sourceTree = "<group>"; };
		03A5CF201D9D9A2200C0D98B /* Assets.xcassets */ = {isa = PBXFileReference; lastKnownFileType = folder.assetcatalog; path = Assets.xcassets; sourceTree = "<group>"; };
		03A5CF231D9D9A2200C0D98B /* Base */ = {isa = PBXFileReference; lastKnownFileType = file.storyboard; name = Base; path = Base.lproj/LaunchScreen.storyboard; sourceTree = "<group>"; };
		03A5CF251D9D9A2200C0D98B /* Info.plist */ = {isa = PBXFileReference; lastKnownFileType = text.plist.xml; path = Info.plist; sourceTree = "<group>"; };
		03A5CF2A1D9D9A2200C0D98B /* tipCalTests.xctest */ = {isa = PBXFileReference; explicitFileType = wrapper.cfbundle; includeInIndex = 0; path = tipCalTests.xctest; sourceTree = BUILT_PRODUCTS_DIR; };
		03A5CF2E1D9D9A2200C0D98B /* tipCalTests.swift */ = {isa = PBXFileReference; lastKnownFileType = sourcecode.swift; path = tipCalTests.swift; sourceTree = "<group>"; };
		03A5CF301D9D9A2200C0D98B /* Info.plist */ = {isa = PBXFileReference; lastKnownFileType = text.plist.xml; path = Info.plist; sourceTree = "<group>"; };
		03A5CF351D9D9A2200C0D98B /* tipCalUITests.xctest */ = {isa = PBXFileReference; explicitFileType = wrapper.cfbundle; includeInIndex = 0; path = tipCalUITests.xctest; sourceTree = BUILT_PRODUCTS_DIR; };
		03A5CF391D9D9A2200C0D98B /* tipCalUITests.swift */ = {isa = PBXFileReference; lastKnownFileType = sourcecode.swift; path = tipCalUITests.swift; sourceTree = "<group>"; };
		03A5CF3B1D9D9A2200C0D98B /* Info.plist */ = {isa = PBXFileReference; lastKnownFileType = text.plist.xml; path = Info.plist; sourceTree = "<group>"; };
/* End PBXFileReference section */

/* Begin PBXFrameworksBuildPhase section */
		03A5CF131D9D9A2200C0D98B /* Frameworks */ = {
			isa = PBXFrameworksBuildPhase;
			buildActionMask = 2147483647;
			files = (
			);
			runOnlyForDeploymentPostprocessing = 0;
		};
		03A5CF271D9D9A2200C0D98B /* Frameworks */ = {
			isa = PBXFrameworksBuildPhase;
			buildActionMask = 2147483647;
			files = (
			);
			runOnlyForDeploymentPostprocessing = 0;
		};
		03A5CF321D9D9A2200C0D98B /* Frameworks */ = {
			isa = PBXFrameworksBuildPhase;
			buildActionMask = 2147483647;
			files = (
			);
			runOnlyForDeploymentPostprocessing = 0;
		};
/* End PBXFrameworksBuildPhase section */

/* Begin PBXGroup section */
		03A5CF0D1D9D9A2200C0D98B = {
			isa = PBXGroup;
			children = (
				03A5CF181D9D9A2200C0D98B /* tipCal */,
				03A5CF2D1D9D9A2200C0D98B /* tipCalTests */,
				03A5CF381D9D9A2200C0D98B /* tipCalUITests */,
				03A5CF171D9D9A2200C0D98B /* Products */,
			);
			sourceTree = "<group>";
		};
		03A5CF171D9D9A2200C0D98B /* Products */ = {
			isa = PBXGroup;
			children = (
				03A5CF161D9D9A2200C0D98B /* tipCal.app */,
				03A5CF2A1D9D9A2200C0D98B /* tipCalTests.xctest */,
				03A5CF351D9D9A2200C0D98B /* tipCalUITests.xctest */,
			);
			name = Products;
			sourceTree = "<group>";
		};
		03A5CF181D9D9A2200C0D98B /* tipCal */ = {
			isa = PBXGroup;
			children = (
				03A5CF191D9D9A2200C0D98B /* AppDelegate.swift */,
				03A5CF1B1D9D9A2200C0D98B /* ViewController.swift */,
				03A5CF1D1D9D9A2200C0D98B /* Main.storyboard */,
				03A5CF201D9D9A2200C0D98B /* Assets.xcassets */,
				03A5CF221D9D9A2200C0D98B /* LaunchScreen.storyboard */,
				03A5CF251D9D9A2200C0D98B /* Info.plist */,
			);
			path = tipCal;
			sourceTree = "<group>";
		};
		03A5CF2D1D9D9A2200C0D98B /* tipCalTests */ = {
			isa = PBXGroup;
			children = (
				03A5CF2E1D9D9A2200C0D98B /* tipCalTests.swift */,
				03A5CF301D9D9A2200C0D98B /* Info.plist */,
			);
			path = tipCalTests;
			sourceTree = "<group>";
		};
		03A5CF381D9D9A2200C0D98B /* tipCalUITests */ = {
			isa = PBXGroup;
			children = (
				03A5CF391D9D9A2200C0D98B /* tipCalUITests.swift */,
				03A5CF3B1D9D9A2200C0D98B /* Info.plist */,
			);
			path = tipCalUITests;
			sourceTree = "<group>";
		};
/* End PBXGroup section */

/* Begin PBXNativeTarget section */
		03A5CF151D9D9A2200C0D98B /* tipCal */ = {
			isa = PBXNativeTarget;
			buildConfigurationList = 03A5CF3E1D9D9A2200C0D98B /* Build configuration list for PBXNativeTarget "tipCal" */;
			buildPhases = (
				03A5CF121D9D9A2200C0D98B /* Sources */,
				03A5CF131D9D9A2200C0D98B /* Frameworks */,
				03A5CF141D9D9A2200C0D98B /* Resources */,
			);
			buildRules = (
			);
			dependencies = (
			);
			name = tipCal;
			productName = tipCal;
			productReference = 03A5CF161D9D9A2200C0D98B /* tipCal.app */;
			productType = "com.apple.product-type.application";
		};
		03A5CF291D9D9A2200C0D98B /* tipCalTests */ = {
			isa = PBXNativeTarget;
			buildConfigurationList = 03A5CF411D9D9A2200C0D98B /* Build configuration list for PBXNativeTarget "tipCalTests" */;
			buildPhases = (
				03A5CF261D9D9A2200C0D98B /* Sources */,
				03A5CF271D9D9A2200C0D98B /* Frameworks */,
				03A5CF281D9D9A2200C0D98B /* Resources */,
			);
			buildRules = (
			);
			dependencies = (
				03A5CF2C1D9D9A2200C0D98B /* PBXTargetDependency */,
			);
			name = tipCalTests;
			productName = tipCalTests;
			productReference = 03A5CF2A1D9D9A2200C0D98B /* tipCalTests.xctest */;
			productType = "com.apple.product-type.bundle.unit-test";
		};
		03A5CF341D9D9A2200C0D98B /* tipCalUITests */ = {
			isa = PBXNativeTarget;
			buildConfigurationList = 03A5CF441D9D9A2200C0D98B /* Build configuration list for PBXNativeTarget "tipCalUITests" */;
			buildPhases = (
				03A5CF311D9D9A2200C0D98B /* Sources */,
				03A5CF321D9D9A2200C0D98B /* Frameworks */,
				03A5CF331D9D9A2200C0D98B /* Resources */,
			);
			buildRules = (
			);
			dependencies = (
				03A5CF371D9D9A2200C0D98B /* PBXTargetDependency */,
			);
			name = tipCalUITests;
			productName = tipCalUITests;
			productReference = 03A5CF351D9D9A2200C0D98B /* tipCalUITests.xctest */;
			productType = "com.apple.product-type.bundle.ui-testing";
		};
/* End PBXNativeTarget section */

/* Begin PBXProject section */
		03A5CF0E1D9D9A2200C0D98B /* Project object */ = {
			isa = PBXProject;
			attributes = {
				LastSwiftUpdateCheck = 0800;
				LastUpgradeCheck = 0800;
				ORGANIZATIONNAME = "Jasmine Iris";
				TargetAttributes = {
					03A5CF151D9D9A2200C0D98B = {
						CreatedOnToolsVersion = 8.0;
						DevelopmentTeam = MQ74B24373;
						ProvisioningStyle = Automatic;
					};
					03A5CF291D9D9A2200C0D98B = {
						CreatedOnToolsVersion = 8.0;
						DevelopmentTeam = MQ74B24373;
						ProvisioningStyle = Automatic;
						TestTargetID = 03A5CF151D9D9A2200C0D98B;
					};
					03A5CF341D9D9A2200C0D98B = {
						CreatedOnToolsVersion = 8.0;
						DevelopmentTeam = MQ74B24373;
						ProvisioningStyle = Automatic;
						TestTargetID = 03A5CF151D9D9A2200C0D98B;
					};
				};
			};
			buildConfigurationList = 03A5CF111D9D9A2200C0D98B /* Build configuration list for PBXProject "tipCal" */;
			compatibilityVersion = "Xcode 3.2";
			developmentRegion = English;
			hasScannedForEncodings = 0;
			knownRegions = (
				en,
				Base,
			);
			mainGroup = 03A5CF0D1D9D9A2200C0D98B;
			productRefGroup = 03A5CF171D9D9A2200C0D98B /* Products */;
			projectDirPath = "";
			projectRoot = "";
			targets = (
				03A5CF151D9D9A2200C0D98B /* tipCal */,
				03A5CF291D9D9A2200C0D98B /* tipCalTests */,
				03A5CF341D9D9A2200C0D98B /* tipCalUITests */,
			);
		};
/* End PBXProject section */

/* Begin PBXResourcesBuildPhase section */
		03A5CF141D9D9A2200C0D98B /* Resources */ = {
			isa = PBXResourcesBuildPhase;
			buildActionMask = 2147483647;
			files = (
				03A5CF241D9D9A2200C0D98B /* LaunchScreen.storyboard in Resources */,
				03A5CF211D9D9A2200C0D98B /* Assets.xcassets in Resources */,
				03A5CF1F1D9D9A2200C0D98B /* Main.storyboard in Resources */,
			);
			runOnlyForDeploymentPostprocessing = 0;
		};
		03A5CF281D9D9A2200C0D98B /* Resources */ = {
			isa = PBXResourcesBuildPhase;
			buildActionMask = 2147483647;
			files = (
			);
			runOnlyForDeploymentPostprocessing = 0;
		};
		03A5CF331D9D9A2200C0D98B /* Resources */ = {
			isa = PBXResourcesBuildPhase;
			buildActionMask = 2147483647;
			files = (
			);
			runOnlyForDeploymentPostprocessing = 0;
		};
/* End PBXResourcesBuildPhase section */

/* Begin PBXSourcesBuildPhase section */
		03A5CF121D9D9A2200C0D98B /* Sources */ = {
			isa = PBXSourcesBuildPhase;
			buildActionMask = 2147483647;
			files = (
				03A5CF1C1D9D9A2200C0D98B /* ViewController.swift in Sources */,
				03A5CF1A1D9D9A2200C0D98B /* AppDelegate.swift in Sources */,
			);
			runOnlyForDeploymentPostprocessing = 0;
		};
		03A5CF261D9D9A2200C0D98B /* Sources */ = {
			isa = PBXSourcesBuildPhase;
			buildActionMask = 2147483647;
			files = (
				03A5CF2F1D9D9A2200C0D98B /* tipCalTests.swift in Sources */,
			);
			runOnlyForDeploymentPostprocessing = 0;
		};
		03A5CF311D9D9A2200C0D98B /* Sources */ = {
			isa = PBXSourcesBuildPhase;
			buildActionMask = 2147483647;
			files = (
				03A5CF3A1D9D9A2200C0D98B /* tipCalUITests.swift in Sources */,
			);
			runOnlyForDeploymentPostprocessing = 0;
		};
/* End PBXSourcesBuildPhase section */

/* Begin PBXTargetDependency section */
		03A5CF2C1D9D9A2200C0D98B /* PBXTargetDependency */ = {
			isa = PBXTargetDependency;
			target = 03A5CF151D9D9A2200C0D98B /* tipCal */;
			targetProxy = 03A5CF2B1D9D9A2200C0D98B /* PBXContainerItemProxy */;
		};
		03A5CF371D9D9A2200C0D98B /* PBXTargetDependency */ = {
			isa = PBXTargetDependency;
			target = 03A5CF151D9D9A2200C0D98B /* tipCal */;
			targetProxy = 03A5CF361D9D9A2200C0D98B /* PBXContainerItemProxy */;
		};
/* End PBXTargetDependency section */

/* Begin PBXVariantGroup section */
		03A5CF1D1D9D9A2200C0D98B /* Main.storyboard */ = {
			isa = PBXVariantGroup;
			children = (
				03A5CF1E1D9D9A2200C0D98B /* Base */,
			);
			name = Main.storyboard;
			sourceTree = "<group>";
		};
		03A5CF221D9D9A2200C0D98B /* LaunchScreen.storyboard */ = {
			isa = PBXVariantGroup;
			children = (
				03A5CF231D9D9A2200C0D98B /* Base */,
			);
			name = LaunchScreen.storyboard;
			sourceTree = "<group>";
		};
/* End PBXVariantGroup section */

/* Begin XCBuildConfiguration section */
		03A5CF3C1D9D9A2200C0D98B /* Debug */ = {
			isa = XCBuildConfiguration;
			buildSettings = {
				ALWAYS_SEARCH_USER_PATHS = NO;
				CLANG_ANALYZER_NONNULL = YES;
				CLANG_CXX_LANGUAGE_STANDARD = "gnu++0x";
				CLANG_CXX_LIBRARY = "libc++";
				CLANG_ENABLE_MODULES = YES;
				CLANG_ENABLE_OBJC_ARC = YES;
				CLANG_WARN_BOOL_CONVERSION = YES;
				CLANG_WARN_CONSTANT_CONVERSION = YES;
				CLANG_WARN_DIRECT_OBJC_ISA_USAGE = YES_ERROR;
				CLANG_WARN_DOCUMENTATION_COMMENTS = YES;
				CLANG_WARN_EMPTY_BODY = YES;
				CLANG_WARN_ENUM_CONVERSION = YES;
				CLANG_WARN_INFINITE_RECURSION = YES;
				CLANG_WARN_INT_CONVERSION = YES;
				CLANG_WARN_OBJC_ROOT_CLASS = YES_ERROR;
				CLANG_WARN_SUSPICIOUS_MOVES = YES;
				CLANG_WARN_UNREACHABLE_CODE = YES;
				CLANG_WARN__DUPLICATE_METHOD_MATCH = YES;
				"CODE_SIGN_IDENTITY[sdk=iphoneos*]" = "iPhone Developer";
				COPY_PHASE_STRIP = NO;
				DEBUG_INFORMATION_FORMAT = dwarf;
				ENABLE_STRICT_OBJC_MSGSEND = YES;
				ENABLE_TESTABILITY = YES;
				GCC_C_LANGUAGE_STANDARD = gnu99;
				GCC_DYNAMIC_NO_PIC = NO;
				GCC_NO_COMMON_BLOCKS = YES;
				GCC_OPTIMIZATION_LEVEL = 0;
				GCC_PREPROCESSOR_DEFINITIONS = (
					"DEBUG=1",
					"$(inherited)",
				);
				GCC_WARN_64_TO_32_BIT_CONVERSION = YES;
				GCC_WARN_ABOUT_RETURN_TYPE = YES_ERROR;
				GCC_WARN_UNDECLARED_SELECTOR = YES;
				GCC_WARN_UNINITIALIZED_AUTOS = YES_AGGRESSIVE;
				GCC_WARN_UNUSED_FUNCTION = YES;
				GCC_WARN_UNUSED_VARIABLE = YES;
				IPHONEOS_DEPLOYMENT_TARGET = 10.0;
				MTL_ENABLE_DEBUG_INFO = YES;
				ONLY_ACTIVE_ARCH = YES;
				SDKROOT = iphoneos;
				SWIFT_ACTIVE_COMPILATION_CONDITIONS = DEBUG;
				SWIFT_OPTIMIZATION_LEVEL = "-Onone";
				TARGETED_DEVICE_FAMILY = "1,2";
			};
			name = Debug;
		};
		03A5CF3D1D9D9A2200C0D98B /* Release */ = {
			isa = XCBuildConfiguration;
			buildSettings = {
				ALWAYS_SEARCH_USER_PATHS = NO;
				CLANG_ANALYZER_NONNULL = YES;
				CLANG_CXX_LANGUAGE_STANDARD = "gnu++0x";
				CLANG_CXX_LIBRARY = "libc++";
				CLANG_ENABLE_MODULES = YES;
				CLANG_ENABLE_OBJC_ARC = YES;
				CLANG_WARN_BOOL_CONVERSION = YES;
				CLANG_WARN_CONSTANT_CONVERSION = YES;
				CLANG_WARN_DIRECT_OBJC_ISA_USAGE = YES_ERROR;
				CLANG_WARN_DOCUMENTATION_COMMENTS = YES;
				CLANG_WARN_EMPTY_BODY = YES;
				CLANG_WARN_ENUM_CONVERSION = YES;
				CLANG_WARN_INFINITE_RECURSION = YES;
				CLANG_WARN_INT_CONVERSION = YES;
				CLANG_WARN_OBJC_ROOT_CLASS = YES_ERROR;
				CLANG_WARN_SUSPICIOUS_MOVES = YES;
				CLANG_WARN_UNREACHABLE_CODE = YES;
				CLANG_WARN__DUPLICATE_METHOD_MATCH = YES;
				"CODE_SIGN_IDENTITY[sdk=iphoneos*]" = "iPhone Developer";
				COPY_PHASE_STRIP = NO;
				DEBUG_INFORMATION_FORMAT = "dwarf-with-dsym";
				ENABLE_NS_ASSERTIONS = NO;
				ENABLE_STRICT_OBJC_MSGSEND = YES;
				GCC_C_LANGUAGE_STANDARD = gnu99;
				GCC_NO_COMMON_BLOCKS = YES;
				GCC_WARN_64_TO_32_BIT_CONVERSION = YES;
				GCC_WARN_ABOUT_RETURN_TYPE = YES_ERROR;
				GCC_WARN_UNDECLARED_SELECTOR = YES;
				GCC_WARN_UNINITIALIZED_AUTOS = YES_AGGRESSIVE;
				GCC_WARN_UNUSED_FUNCTION = YES;
				GCC_WARN_UNUSED_VARIABLE = YES;
				IPHONEOS_DEPLOYMENT_TARGET = 10.0;
				MTL_ENABLE_DEBUG_INFO = NO;
				SDKROOT = iphoneos;
				SWIFT_OPTIMIZATION_LEVEL = "-Owholemodule";
				TARGETED_DEVICE_FAMILY = "1,2";
				VALIDATE_PRODUCT = YES;
			};
			name = Release;
		};
		03A5CF3F1D9D9A2200C0D98B /* Debug */ = {
			isa = XCBuildConfiguration;
			buildSettings = {
				ASSETCATALOG_COMPILER_APPICON_NAME = AppIcon;
				DEVELOPMENT_TEAM = MQ74B24373;
				INFOPLIST_FILE = tipCal/Info.plist;
				LD_RUNPATH_SEARCH_PATHS = "$(inherited) @executable_path/Frameworks";
				PRODUCT_BUNDLE_IDENTIFIER = farrell.tipCal;
				PRODUCT_NAME = "$(TARGET_NAME)";
				SWIFT_VERSION = 3.0;
			};
			name = Debug;
		};
		03A5CF401D9D9A2200C0D98B /* Release */ = {
			isa = XCBuildConfiguration;
			buildSettings = {
				ASSETCATALOG_COMPILER_APPICON_NAME = AppIcon;
				DEVELOPMENT_TEAM = MQ74B24373;
				INFOPLIST_FILE = tipCal/Info.plist;
				LD_RUNPATH_SEARCH_PATHS = "$(inherited) @executable_path/Frameworks";
				PRODUCT_BUNDLE_IDENTIFIER = farrell.tipCal;
				PRODUCT_NAME = "$(TARGET_NAME)";
				SWIFT_VERSION = 3.0;
			};
			name = Release;
		};
		03A5CF421D9D9A2200C0D98B /* Debug */ = {
			isa = XCBuildConfiguration;
			buildSettings = {
				ALWAYS_EMBED_SWIFT_STANDARD_LIBRARIES = YES;
				BUNDLE_LOADER = "$(TEST_HOST)";
				DEVELOPMENT_TEAM = MQ74B24373;
				INFOPLIST_FILE = tipCalTests/Info.plist;
				LD_RUNPATH_SEARCH_PATHS = "$(inherited) @executable_path/Frameworks @loader_path/Frameworks";
				PRODUCT_BUNDLE_IDENTIFIER = farrell.tipCalTests;
				PRODUCT_NAME = "$(TARGET_NAME)";
				SWIFT_VERSION = 3.0;
				TEST_HOST = "$(BUILT_PRODUCTS_DIR)/tipCal.app/tipCal";
			};
			name = Debug;
		};
		03A5CF431D9D9A2200C0D98B /* Release */ = {
			isa = XCBuildConfiguration;
			buildSettings = {
				ALWAYS_EMBED_SWIFT_STANDARD_LIBRARIES = YES;
				BUNDLE_LOADER = "$(TEST_HOST)";
				DEVELOPMENT_TEAM = MQ74B24373;
				INFOPLIST_FILE = tipCalTests/Info.plist;
				LD_RUNPATH_SEARCH_PATHS = "$(inherited) @executable_path/Frameworks @loader_path/Frameworks";
				PRODUCT_BUNDLE_IDENTIFIER = farrell.tipCalTests;
				PRODUCT_NAME = "$(TARGET_NAME)";
				SWIFT_VERSION = 3.0;
				TEST_HOST = "$(BUILT_PRODUCTS_DIR)/tipCal.app/tipCal";
			};
			name = Release;
		};
		03A5CF451D9D9A2200C0D98B /* Debug */ = {
			isa = XCBuildConfiguration;
			buildSettings = {
				ALWAYS_EMBED_SWIFT_STANDARD_LIBRARIES = YES;
				DEVELOPMENT_TEAM = MQ74B24373;
				INFOPLIST_FILE = tipCalUITests/Info.plist;
				LD_RUNPATH_SEARCH_PATHS = "$(inherited) @executable_path/Frameworks @loader_path/Frameworks";
				PRODUCT_BUNDLE_IDENTIFIER = farrell.tipCalUITests;
				PRODUCT_NAME = "$(TARGET_NAME)";
				SWIFT_VERSION = 3.0;
				TEST_TARGET_NAME = tipCal;
			};
			name = Debug;
		};
		03A5CF461D9D9A2200C0D98B /* Release */ = {
			isa = XCBuildConfiguration;
			buildSettings = {
				ALWAYS_EMBED_SWIFT_STANDARD_LIBRARIES = YES;
				DEVELOPMENT_TEAM = MQ74B24373;
				INFOPLIST_FILE = tipCalUITests/Info.plist;
				LD_RUNPATH_SEARCH_PATHS = "$(inherited) @executable_path/Frameworks @loader_path/Frameworks";
				PRODUCT_BUNDLE_IDENTIFIER = farrell.tipCalUITests;
				PRODUCT_NAME = "$(TARGET_NAME)";
				SWIFT_VERSION = 3.0;
				TEST_TARGET_NAME = tipCal;
			};
			name = Release;
		};
/* End XCBuildConfiguration section */

/* Begin XCConfigurationList section */
		03A5CF111D9D9A2200C0D98B /* Build configuration list for PBXProject "tipCal" */ = {
			isa = XCConfigurationList;
			buildConfigurations = (
				03A5CF3C1D9D9A2200C0D98B /* Debug */,
				03A5CF3D1D9D9A2200C0D98B /* Release */,
			);
			defaultConfigurationIsVisible = 0;
			defaultConfigurationName = Release;
		};
		03A5CF3E1D9D9A2200C0D98B /* Build configuration list for PBXNativeTarget "tipCal" */ = {
			isa = XCConfigurationList;
			buildConfigurations = (
				03A5CF3F1D9D9A2200C0D98B /* Debug */,
				03A5CF401D9D9A2200C0D98B /* Release */,
			);
			defaultConfigurationIsVisible = 0;
		};
		03A5CF411D9D9A2200C0D98B /* Build configuration list for PBXNativeTarget "tipCalTests" */ = {
			isa = XCConfigurationList;
			buildConfigurations = (
				03A5CF421D9D9A2200C0D98B /* Debug */,
				03A5CF431D9D9A2200C0D98B /* Release */,
			);
			defaultConfigurationIsVisible = 0;
		};
		03A5CF441D9D9A2200C0D98B /* Build configuration list for PBXNativeTarget "tipCalUITests" */ = {
			isa = XCConfigurationList;
			buildConfigurations = (
				03A5CF451D9D9A2200C0D98B /* Debug */,
				03A5CF461D9D9A2200C0D98B /* Release */,
			);
			defaultConfigurationIsVisible = 0;
		};
/* End XCConfigurationList section */
	};
	rootObject = 03A5CF0E1D9D9A2200C0D98B /* Project object */;
}
